
Microsoft Visual Studio Solution File, Format Version 12.00
# Visual Studio Version 17
VisualStudioVersion = 17.2.32630.192
MinimumVisualStudioVersion = 10.0.40219.1
Project("{8BC9CEB8-8B4A-11D0-8D11-00A0C91BC942}") = "EX01", "EX01\EX01.vcxproj", "{908691D9-A858-40A6-AB5C-7D88A5A0A992}"
EndProject
Project("{8BC9CEB8-8B4A-11D0-8D11-00A0C91BC942}") = "EX02", "EX02\EX02.vcxproj", "{F8075EF9-51E6-44D5-9039-6E0B1AB29C98}"
EndProject
Project("{8BC9CEB8-8B4A-11D0-8D11-00A0C91BC942}") = "EX03", "EX03\EX03.vcxproj", "{83E5F59B-1FA1-4660-BF96-ABDEAFCED0F3}"
EndProject
Global
	GlobalSection(SolutionConfigurationPlatforms) = preSolution
		Debug|x64 = Debug|x64
		Debug|x86 = Debug|x86
		Release|x64 = Release|x64
		Release|x86 = Release|x86
	EndGlobalSection
	GlobalSection(ProjectConfigurationPlatforms) = postSolution
		{908691D9-A858-40A6-AB5C-7D88A5A0A992}.Debug|x64.ActiveCfg = Debug|x64
		{908691D9-A858-40A6-AB5C-7D88A5A0A992}.Debug|x64.Build.0 = Debug|x64
		{908691D9-A858-40A6-AB5C-7D88A5A0A992}.Debug|x86.ActiveCfg = Debug|Win32
		{908691D9-A858-40A6-AB5C-7D88A5A0A992}.Debug|x86.Build.0 = Debug|Win32
		{908691D9-A858-40A6-AB5C-7D88A5A0A992}.Release|x64.ActiveCfg = Release|x64
		{908691D9-A858-40A6-AB5C-7D88A5A0A992}.Release|x64.Build.0 = Release|x64
		{908691D9-A858-40A6-AB5C-7D88A5A0A992}.Release|x86.ActiveCfg = Release|Win32
		{908691D9-A858-40A6-AB5C-7D88A5A0A992}.Release|x86.Build.0 = Release|Win32
		{F8075EF9-51E6-44D5-9039-6E0B1AB29C98}.Debug|x64.ActiveCfg = Debug|x64
		{F8075EF9-51E6-44D5-9039-6E0B1AB29C98}.Debug|x64.Build.0 = Debug|x64
		{F8075EF9-51E6-44D5-9039-6E0B1AB29C98}.Debug|x86.ActiveCfg = Debug|Win32
		{F8075EF9-51E6-44D5-9039-6E0B1AB29C98}.Debug|x86.Build.0 = Debug|Win32
		{F8075EF9-51E6-44D5-9039-6E0B1AB29C98}.Release|x64.ActiveCfg = Release|x64
		{F8075EF9-51E6-44D5-9039-6E0B1AB29C98}.Release|x64.Build.0 = Release|x64
		{F8075EF9-51E6-44D5-9039-6E0B1AB29C98}.Release|x86.ActiveCfg = Release|Win32
		{F8075EF9-51E6-44D5-9039-6E0B1AB29C98}.Release|x86.Build.0 = Release|Win32
		{83E5F59B-1FA1-4660-BF96-ABDEAFCED0F3}.Debug|x64.ActiveCfg = Debug|x64
		{83E5F59B-1FA1-4660-BF96-ABDEAFCED0F3}.Debug|x64.Build.0 = Debug|x64
		{83E5F59B-1FA1-4660-BF96-ABDEAFCED0F3}.Debug|x86.ActiveCfg = Debug|Win32
		{83E5F59B-1FA1-4660-BF96-ABDEAFCED0F3}.Debug|x86.Build.0 = Debug|Win32
		{83E5F59B-1FA1-4660-BF96-ABDEAFCED0F3}.Release|x64.ActiveCfg = Release|x64
		{83E5F59B-1FA1-4660-BF96-ABDEAFCED0F3}.Release|x64.Build.0 = Release|x64
		{83E5F59B-1FA1-4660-BF96-ABDEAFCED0F3}.Release|x86.ActiveCfg = Release|Win32
		{83E5F59B-1FA1-4660-BF96-ABDEAFCED0F3}.Release|x86.Build.0 = Release|Win32
	EndGlobalSection
	GlobalSection(SolutionProperties) = preSolution
		HideSolutionNode = FALSE
	EndGlobalSection
	GlobalSection(ExtensibilityGlobals) = postSolution
		SolutionGuid = {12E5D298-F002-417B-8813-C4004073EFB1}
	EndGlobalSection
EndGlobal
